
Microsoft Visual Studio Solution File, Format Version 12.00
# Visual Studio Version 16
VisualStudioVersion = 16.0.29806.167
MinimumVisualStudioVersion = 10.0.40219.1
Project("{FAE04EC0-301F-11D3-BF4B-00C04F79EFBC}") = "Timetable Solver", "Timetable Solver.csproj", "{93B9A683-E564-42BA-AC05-FD3810B2CF49}"
EndProject
Global
	GlobalSection(SolutionConfigurationPlatforms) = preSolution
		Debug|Any CPU = Debug|Any CPU
		Release|Any CPU = Release|Any CPU
	EndGlobalSection
	GlobalSection(ProjectConfigurationPlatforms) = postSolution
		{93B9A683-E564-42BA-AC05-FD3810B2CF49}.Debug|Any CPU.ActiveCfg = Debug|Any CPU
		{93B9A683-E564-42BA-AC05-FD3810B2CF49}.Debug|Any CPU.Build.0 = Debug|Any CPU
		{93B9A683-E564-42BA-AC05-FD3810B2CF49}.Release|Any CPU.ActiveCfg = Release|Any CPU
		{93B9A683-E564-42BA-AC05-FD3810B2CF49}.Release|Any CPU.Build.0 = Release|Any CPU
	EndGlobalSection
	GlobalSection(SolutionProperties) = preSolution
		HideSolutionNode = FALSE
	EndGlobalSection
	GlobalSection(ExtensibilityGlobals) = postSolution
		SolutionGuid = {3E747CFE-8AAC-4D8A-8276-1316024C728D}
	EndGlobalSection
EndGlobal
